
Microsoft Visual Studio Solution File, Format Version 12.00
# Visual Studio 15
VisualStudioVersion = 15.0.27130.2036
MinimumVisualStudioVersion = 10.0.40219.1
Project("{FAE04EC0-301F-11D3-BF4B-00C04F79EFBC}") = "MathServiceLibrary", "MathServiceLibrary\MathServiceLibrary.csproj", "{A963A1D8-BAD6-4EAE-8249-9308011389CC}"
EndProject
Project("{FAE04EC0-301F-11D3-BF4B-00C04F79EFBC}") = "MathClient", "MathClient\MathClient.csproj", "{024D4265-90D2-4F56-A9E4-60D739F29A8F}"
	ProjectSection(ProjectDependencies) = postProject
		{A963A1D8-BAD6-4EAE-8249-9308011389CC} = {A963A1D8-BAD6-4EAE-8249-9308011389CC}
	EndProjectSection
EndProject
Global
	GlobalSection(SolutionConfigurationPlatforms) = preSolution
		Debug|Any CPU = Debug|Any CPU
		Release|Any CPU = Release|Any CPU
	EndGlobalSection
	GlobalSection(ProjectConfigurationPlatforms) = postSolution
		{A963A1D8-BAD6-4EAE-8249-9308011389CC}.Debug|Any CPU.ActiveCfg = Debug|Any CPU
		{A963A1D8-BAD6-4EAE-8249-9308011389CC}.Debug|Any CPU.Build.0 = Debug|Any CPU
		{A963A1D8-BAD6-4EAE-8249-9308011389CC}.Release|Any CPU.ActiveCfg = Release|Any CPU
		{A963A1D8-BAD6-4EAE-8249-9308011389CC}.Release|Any CPU.Build.0 = Release|Any CPU
		{024D4265-90D2-4F56-A9E4-60D739F29A8F}.Debug|Any CPU.ActiveCfg = Debug|Any CPU
		{024D4265-90D2-4F56-A9E4-60D739F29A8F}.Debug|Any CPU.Build.0 = Debug|Any CPU
		{024D4265-90D2-4F56-A9E4-60D739F29A8F}.Release|Any CPU.ActiveCfg = Release|Any CPU
		{024D4265-90D2-4F56-A9E4-60D739F29A8F}.Release|Any CPU.Build.0 = Release|Any CPU
	EndGlobalSection
	GlobalSection(SolutionProperties) = preSolution
		HideSolutionNode = FALSE
	EndGlobalSection
	GlobalSection(ExtensibilityGlobals) = postSolution
		SolutionGuid = {5BE293B5-AA5A-4583-9E44-696BCB334037}
	EndGlobalSection
EndGlobal
