
Microsoft Visual Studio Solution File, Format Version 12.00
# Visual Studio 15
VisualStudioVersion = 15.0.27130.2036
MinimumVisualStudioVersion = 10.0.40219.1
Project("{FAE04EC0-301F-11D3-BF4B-00C04F79EFBC}") = "VelibIntermediaryLibrary", "Velib\VelibIntermediaryLibrary.csproj", "{28888531-FFD8-44AA-B714-E52070F78604}"
EndProject
Project("{FAE04EC0-301F-11D3-BF4B-00C04F79EFBC}") = "VelibIntermediaryHost", "VelibIntermediaryHost\VelibIntermediaryHost.csproj", "{27CC848A-A546-48F2-B91F-59485F7EC217}"
EndProject
Project("{FAE04EC0-301F-11D3-BF4B-00C04F79EFBC}") = "VelibClient", "VelibClient\VelibClient.csproj", "{79636A4D-AC69-4E18-B6DD-15CCB23EBB8F}"
	ProjectSection(ProjectDependencies) = postProject
		{28888531-FFD8-44AA-B714-E52070F78604} = {28888531-FFD8-44AA-B714-E52070F78604}
	EndProjectSection
EndProject
Project("{FAE04EC0-301F-11D3-BF4B-00C04F79EFBC}") = "VelibMonitoringClient", "MonitoringClient\VelibMonitoringClient.csproj", "{2D07F946-B8F0-4BB2-BDE1-E76F533FF920}"
	ProjectSection(ProjectDependencies) = postProject
		{28888531-FFD8-44AA-B714-E52070F78604} = {28888531-FFD8-44AA-B714-E52070F78604}
	EndProjectSection
EndProject
Project("{FAE04EC0-301F-11D3-BF4B-00C04F79EFBC}") = "VelibConsoleClient", "VelibConsoleClient\VelibConsoleClient.csproj", "{9554DE7B-0F30-4C46-8EE9-F0CBEA711EB3}"
EndProject
Project("{FAE04EC0-301F-11D3-BF4B-00C04F79EFBC}") = "ClientEvent", "ClientEvent\ClientEvent.csproj", "{D6EE226B-7F12-46D0-85A4-62D4BB33BB83}"
	ProjectSection(ProjectDependencies) = postProject
		{28888531-FFD8-44AA-B714-E52070F78604} = {28888531-FFD8-44AA-B714-E52070F78604}
	EndProjectSection
EndProject
Global
	GlobalSection(SolutionConfigurationPlatforms) = preSolution
		Debug|Any CPU = Debug|Any CPU
		Release|Any CPU = Release|Any CPU
	EndGlobalSection
	GlobalSection(ProjectConfigurationPlatforms) = postSolution
		{28888531-FFD8-44AA-B714-E52070F78604}.Debug|Any CPU.ActiveCfg = Debug|Any CPU
		{28888531-FFD8-44AA-B714-E52070F78604}.Debug|Any CPU.Build.0 = Debug|Any CPU
		{28888531-FFD8-44AA-B714-E52070F78604}.Release|Any CPU.ActiveCfg = Release|Any CPU
		{28888531-FFD8-44AA-B714-E52070F78604}.Release|Any CPU.Build.0 = Release|Any CPU
		{27CC848A-A546-48F2-B91F-59485F7EC217}.Debug|Any CPU.ActiveCfg = Debug|Any CPU
		{27CC848A-A546-48F2-B91F-59485F7EC217}.Debug|Any CPU.Build.0 = Debug|Any CPU
		{27CC848A-A546-48F2-B91F-59485F7EC217}.Release|Any CPU.ActiveCfg = Release|Any CPU
		{27CC848A-A546-48F2-B91F-59485F7EC217}.Release|Any CPU.Build.0 = Release|Any CPU
		{79636A4D-AC69-4E18-B6DD-15CCB23EBB8F}.Debug|Any CPU.ActiveCfg = Debug|Any CPU
		{79636A4D-AC69-4E18-B6DD-15CCB23EBB8F}.Debug|Any CPU.Build.0 = Debug|Any CPU
		{79636A4D-AC69-4E18-B6DD-15CCB23EBB8F}.Release|Any CPU.ActiveCfg = Release|Any CPU
		{79636A4D-AC69-4E18-B6DD-15CCB23EBB8F}.Release|Any CPU.Build.0 = Release|Any CPU
		{2D07F946-B8F0-4BB2-BDE1-E76F533FF920}.Debug|Any CPU.ActiveCfg = Debug|Any CPU
		{2D07F946-B8F0-4BB2-BDE1-E76F533FF920}.Debug|Any CPU.Build.0 = Debug|Any CPU
		{2D07F946-B8F0-4BB2-BDE1-E76F533FF920}.Release|Any CPU.ActiveCfg = Release|Any CPU
		{2D07F946-B8F0-4BB2-BDE1-E76F533FF920}.Release|Any CPU.Build.0 = Release|Any CPU
		{9554DE7B-0F30-4C46-8EE9-F0CBEA711EB3}.Debug|Any CPU.ActiveCfg = Debug|Any CPU
		{9554DE7B-0F30-4C46-8EE9-F0CBEA711EB3}.Debug|Any CPU.Build.0 = Debug|Any CPU
		{9554DE7B-0F30-4C46-8EE9-F0CBEA711EB3}.Release|Any CPU.ActiveCfg = Release|Any CPU
		{9554DE7B-0F30-4C46-8EE9-F0CBEA711EB3}.Release|Any CPU.Build.0 = Release|Any CPU
		{D6EE226B-7F12-46D0-85A4-62D4BB33BB83}.Debug|Any CPU.ActiveCfg = Debug|Any CPU
		{D6EE226B-7F12-46D0-85A4-62D4BB33BB83}.Debug|Any CPU.Build.0 = Debug|Any CPU
		{D6EE226B-7F12-46D0-85A4-62D4BB33BB83}.Release|Any CPU.ActiveCfg = Release|Any CPU
		{D6EE226B-7F12-46D0-85A4-62D4BB33BB83}.Release|Any CPU.Build.0 = Release|Any CPU
	EndGlobalSection
	GlobalSection(SolutionProperties) = preSolution
		HideSolutionNode = FALSE
	EndGlobalSection
	GlobalSection(ExtensibilityGlobals) = postSolution
		SolutionGuid = {294FFDD4-297C-48B6-9567-C81FEAB87D6C}
	EndGlobalSection
EndGlobal
