
Microsoft Visual Studio Solution File, Format Version 12.00
# Visual Studio 15
VisualStudioVersion = 15.0.27130.2027
MinimumVisualStudioVersion = 10.0.40219.1
Project("{FAE04EC0-301F-11D3-BF4B-00C04F79EFBC}") = "EventsLib", "EventsLib\EventsLib.csproj", "{7BF98228-89A3-498A-8697-04857540D23D}"
EndProject
Project("{FAE04EC0-301F-11D3-BF4B-00C04F79EFBC}") = "EventsLibHost", "EventsLibHost\EventsLibHost.csproj", "{E7329816-6939-4B9E-AF5E-4F77DD08EF07}"
EndProject
Project("{FAE04EC0-301F-11D3-BF4B-00C04F79EFBC}") = "EventsClient", "EventsClient\EventsClient.csproj", "{1AB688F4-C05E-4739-8BB4-D3142479B1B6}"
EndProject
Global
	GlobalSection(SolutionConfigurationPlatforms) = preSolution
		Debug|Any CPU = Debug|Any CPU
		Debug|x86 = Debug|x86
		Release|Any CPU = Release|Any CPU
		Release|x86 = Release|x86
	EndGlobalSection
	GlobalSection(ProjectConfigurationPlatforms) = postSolution
		{7BF98228-89A3-498A-8697-04857540D23D}.Debug|Any CPU.ActiveCfg = Debug|Any CPU
		{7BF98228-89A3-498A-8697-04857540D23D}.Debug|Any CPU.Build.0 = Debug|Any CPU
		{7BF98228-89A3-498A-8697-04857540D23D}.Debug|x86.ActiveCfg = Debug|Any CPU
		{7BF98228-89A3-498A-8697-04857540D23D}.Debug|x86.Build.0 = Debug|Any CPU
		{7BF98228-89A3-498A-8697-04857540D23D}.Release|Any CPU.ActiveCfg = Release|Any CPU
		{7BF98228-89A3-498A-8697-04857540D23D}.Release|Any CPU.Build.0 = Release|Any CPU
		{7BF98228-89A3-498A-8697-04857540D23D}.Release|x86.ActiveCfg = Release|Any CPU
		{7BF98228-89A3-498A-8697-04857540D23D}.Release|x86.Build.0 = Release|Any CPU
		{E7329816-6939-4B9E-AF5E-4F77DD08EF07}.Debug|Any CPU.ActiveCfg = Debug|Any CPU
		{E7329816-6939-4B9E-AF5E-4F77DD08EF07}.Debug|Any CPU.Build.0 = Debug|Any CPU
		{E7329816-6939-4B9E-AF5E-4F77DD08EF07}.Debug|x86.ActiveCfg = Debug|Any CPU
		{E7329816-6939-4B9E-AF5E-4F77DD08EF07}.Debug|x86.Build.0 = Debug|Any CPU
		{E7329816-6939-4B9E-AF5E-4F77DD08EF07}.Release|Any CPU.ActiveCfg = Release|Any CPU
		{E7329816-6939-4B9E-AF5E-4F77DD08EF07}.Release|Any CPU.Build.0 = Release|Any CPU
		{E7329816-6939-4B9E-AF5E-4F77DD08EF07}.Release|x86.ActiveCfg = Release|Any CPU
		{E7329816-6939-4B9E-AF5E-4F77DD08EF07}.Release|x86.Build.0 = Release|Any CPU
		{1AB688F4-C05E-4739-8BB4-D3142479B1B6}.Debug|Any CPU.ActiveCfg = Debug|Any CPU
		{1AB688F4-C05E-4739-8BB4-D3142479B1B6}.Debug|Any CPU.Build.0 = Debug|Any CPU
		{1AB688F4-C05E-4739-8BB4-D3142479B1B6}.Debug|x86.ActiveCfg = Debug|Any CPU
		{1AB688F4-C05E-4739-8BB4-D3142479B1B6}.Debug|x86.Build.0 = Debug|Any CPU
		{1AB688F4-C05E-4739-8BB4-D3142479B1B6}.Release|Any CPU.ActiveCfg = Release|Any CPU
		{1AB688F4-C05E-4739-8BB4-D3142479B1B6}.Release|Any CPU.Build.0 = Release|Any CPU
		{1AB688F4-C05E-4739-8BB4-D3142479B1B6}.Release|x86.ActiveCfg = Release|Any CPU
		{1AB688F4-C05E-4739-8BB4-D3142479B1B6}.Release|x86.Build.0 = Release|Any CPU
	EndGlobalSection
	GlobalSection(SolutionProperties) = preSolution
		HideSolutionNode = FALSE
	EndGlobalSection
	GlobalSection(ExtensibilityGlobals) = postSolution
		SolutionGuid = {801B74B3-F41B-4F3D-A12D-4268F1D29F50}
	EndGlobalSection
EndGlobal
